Microsoft Visual Studio Solution File, Format Version 12.00
# Visual Studio Version 17
VisualStudioVersion = 17.5.2.0
MinimumVisualStudioVersion = 10.0.40219.1
Project("{FAE04EC0-301F-11D3-BF4B-00C04F79EFBC}") = "WinService", "WinService\WinService.csproj", "{B51FDA3C-0009-6025-E463-E3F72EE3B14E}"
EndProject
Global
	GlobalSection(SolutionConfigurationPlatforms) = preSolution
		Debug|Any CPU = Debug|Any CPU
		Release|Any CPU = Release|Any CPU
	EndGlobalSection
	GlobalSection(ProjectConfigurationPlatforms) = postSolution
		{B51FDA3C-0009-6025-E463-E3F72EE3B14E}.Debug|Any CPU.ActiveCfg = Debug|Any CPU
		{B51FDA3C-0009-6025-E463-E3F72EE3B14E}.Debug|Any CPU.Build.0 = Debug|Any CPU
		{B51FDA3C-0009-6025-E463-E3F72EE3B14E}.Release|Any CPU.ActiveCfg = Release|Any CPU
		{B51FDA3C-0009-6025-E463-E3F72EE3B14E}.Release|Any CPU.Build.0 = Release|Any CPU
	EndGlobalSection
	GlobalSection(SolutionProperties) = preSolution
		HideSolutionNode = FALSE
	EndGlobalSection
	GlobalSection(ExtensibilityGlobals) = postSolution
		SolutionGuid = {F968243C-E4C4-44A4-9144-60BC58C50677}
	EndGlobalSection
EndGlobal
